<?xml version="1.0" encoding="utf-8"?>
<Project ToolsVersion="4.0" xmlns="http://schemas.microsoft.com/developer/msbuild/2003">
  <ItemGroup>
    <Filter Include="Source Files">
      <UniqueIdentifier>{4FC737F1-C7A5-4376-A066-2A32D752A2FF}</UniqueIdentifier>
    </Filter>
    <Filter Include="Header Files">
      <UniqueIdentifier>{93995380-89BD-4b04-88EB-625FBE52EBFB}</UniqueIdentifier>
    </Filter>
  </ItemGroup>
  <ItemGroup>
    <ClCompile Include="src\main.cpp">
      <Filter>Source Files</Filter>
    </ClCompile>
  </ItemGroup>
  <ItemGroup>
    <None Include="Shaders\Triangle.hlsl" />
    <None Include="Shaders\Sprite.hlsl" />
    <None Include="Shaders\Sphere.hlsl" />
    <None Include="Shaders\UVTransform.hlsli" />
    <None Include="Assets\Textures\Checker.png" />
  </ItemGroup>
  <ItemGroup>
    <ClCompile Include="src\DebugPanel.cpp">
      <Filter>Source Files</Filter>
    </ClCompile>
    <ClInclude Include="src\DebugPanel.h">
      <Filter>Header Files</Filter>
    </ClInclude>
    <ClInclude Include="src\LightingPanel.h">
      <Filter>Header Files</Filter>
    </ClInclude>
    <ClInclude Include="src\UVTransformPanel.h">
      <Filter>Header Files</Filter>
    </ClInclude>
    <ClCompile Include="src\LightingPanel.cpp">
      <Filter>Source Files</Filter>
    </ClCompile>
    <ClCompile Include="src\UVTransformPanel.cpp">
      <Filter>Source Files</Filter>
    </ClCompile>
  </ItemGroup>
</Project>
