<?xml version="1.0" encoding="utf-8"?>
<Project ToolsVersion="4.0" xmlns="http://schemas.microsoft.com/developer/msbuild/2003">
  <ItemGroup>
    <Filter Include="Shaders\Common">
      <UniqueIdentifier>{B37DFA4D-BB16-48B3-AB2F-E811B2E66E18}</UniqueIdentifier>
    </Filter>
    <Filter Include="Assets">
      <UniqueIdentifier>{45BE7113-8709-50A1-B762-DE5D88DE22B8}</UniqueIdentifier>
    </Filter>
    <Filter Include="Assets\Audio">
      <UniqueIdentifier>{8D7E6AB5-2435-5763-A1D1-7E4132AA6251}</UniqueIdentifier>
    </Filter>
    <Filter Include="Assets\Models\Title" />
    <Filter Include="Assets\Models\Title\Nature" />
    <Filter Include="Assets\Models\Title\Roads" />
    <Filter Include="Assets\Models\Title\Roads\Textures" />
    <Filter Include="Assets\Models\Title\Commercial" />
    <Filter Include="Assets\Models\Title\Commercial\Textures" />
    <Filter Include="Assets\Models">
      <UniqueIdentifier>{B4A90EE5-EF65-51F5-8D18-8895E8343A71}</UniqueIdentifier>
    </Filter>
    <Filter Include="Assets\Textures">
      <UniqueIdentifier>{F1368692-7892-5735-8CDC-B389B317AE0B}</UniqueIdentifier>
    </Filter>
    <Filter Include="Shaders">
      <UniqueIdentifier>{B285221A-69AE-5BEC-9DF5-64EF03A8920E}</UniqueIdentifier>
    </Filter>
    <Filter Include="src">
      <UniqueIdentifier>{CE68F4CA-E6D9-5CA5-BE83-5E72DF4A425D}</UniqueIdentifier>
    </Filter>
    <Filter Include="src\DevTools">
      <UniqueIdentifier>{59E524DA-740A-51BA-B278-DB253FD7D384}</UniqueIdentifier>
    </Filter>
  </ItemGroup>
  <ItemGroup>
    <ClCompile Include="src\main.cpp">
      <Filter>src</Filter>
    </ClCompile>
    <None Include="Shaders\Triangle.hlsl">
      <Filter>Shaders</Filter>
    </None>
    <None Include="Shaders\Sprite.hlsl">
      <Filter>Shaders</Filter>
    </None>
    <None Include="Shaders\Sphere.hlsl">
      <Filter>Shaders</Filter>
    </None>
    <None Include="Shaders\TitleMesh.hlsl"><Filter>Shaders</Filter></None>
    <None Include="Shaders\TitleSky.hlsl"><Filter>Shaders</Filter></None>
    <None Include="Shaders\Common\TitleAtmosphere.hlsli"><Filter>Shaders\Common</Filter></None>
    <None Include="Shaders\Mesh.hlsl">
      <Filter>Shaders</Filter>
    </None>
    <None Include="Assets\Models\Title\Commercial\building-c.obj">
      <Filter>Assets\Models\Title\Commercial</Filter>
    </None>
    <None Include="Assets\Models\Title\Commercial\building-c.mtl">
      <Filter>Assets\Models\Title\Commercial</Filter>
    </None>
    <None Include="Assets\Models\Title\Commercial\Textures\colormap.png">
      <Filter>Assets\Models\Title\Commercial\Textures</Filter>
    </None>
    <None Include="Assets\Models\Title\Commercial\License.txt">
      <Filter>Assets\Models\Title\Commercial</Filter>
    </None>
    <None Include="Assets\Models\Title\Commercial\building-e.obj">
      <Filter>Assets\Models\Title\Commercial</Filter>
    </None>
    <None Include="Assets\Models\Title\Commercial\building-e.mtl">
      <Filter>Assets\Models\Title\Commercial</Filter>
    </None>
    <None Include="Assets\Models\Title\Commercial\building-h.obj">
      <Filter>Assets\Models\Title\Commercial</Filter>
    </None>
    <None Include="Assets\Models\Title\Commercial\building-h.mtl">
      <Filter>Assets\Models\Title\Commercial</Filter>
    </None>
    <None Include="Assets\Models\Title\Commercial\building-k.obj">
      <Filter>Assets\Models\Title\Commercial</Filter>
    </None>
    <None Include="Assets\Models\Title\Commercial\building-k.mtl">
      <Filter>Assets\Models\Title\Commercial</Filter>
    </None>
    <None Include="Assets\Models\Title\Roads\road-straight.obj">
      <Filter>Assets\Models\Title\Roads</Filter>
    </None>
    <None Include="Assets\Models\Title\Roads\road-straight.mtl">
      <Filter>Assets\Models\Title\Roads</Filter>
    </None>
    <None Include="Assets\Models\Title\Roads\road-bridge.obj">
      <Filter>Assets\Models\Title\Roads</Filter>
    </None>
    <None Include="Assets\Models\Title\Roads\road-bridge.mtl">
      <Filter>Assets\Models\Title\Roads</Filter>
    </None>
    <None Include="Assets\Models\Title\Roads\tile-low.obj">
      <Filter>Assets\Models\Title\Roads</Filter>
    </None>
    <None Include="Assets\Models\Title\Roads\tile-low.mtl">
      <Filter>Assets\Models\Title\Roads</Filter>
    </None>
    <None Include="Assets\Models\Title\Roads\Textures\colormap.png">
      <Filter>Assets\Models\Title\Roads\Textures</Filter>
    </None>
    <None Include="Assets\Models\Title\Roads\License.txt">
      <Filter>Assets\Models\Title\Roads</Filter>
    </None>
    <None Include="Assets\Models\Title\Nature\grass_large.obj"><Filter>Assets\Models\Title\Nature</Filter></None>
    <None Include="Assets\Models\Title\Nature\grass_large.mtl"><Filter>Assets\Models\Title\Nature</Filter></None>
    <None Include="Assets\Models\Title\Nature\flower_yellowA.obj"><Filter>Assets\Models\Title\Nature</Filter></None>
    <None Include="Assets\Models\Title\Nature\flower_yellowA.mtl"><Filter>Assets\Models\Title\Nature</Filter></None>
    <None Include="Assets\Models\Title\Nature\tree_small.obj"><Filter>Assets\Models\Title\Nature</Filter></None>
    <None Include="Assets\Models\Title\Nature\tree_small.mtl"><Filter>Assets\Models\Title\Nature</Filter></None>
    <None Include="Assets\Models\Title\Nature\plant_bush.obj"><Filter>Assets\Models\Title\Nature</Filter></None>
    <None Include="Assets\Models\Title\Nature\plant_bush.mtl"><Filter>Assets\Models\Title\Nature</Filter></None>
    <None Include="Assets\Models\Title\Nature\License.txt"><Filter>Assets\Models\Title\Nature</Filter></None>
    <None Include="Assets\Models\Title\Roads\road-sign-street.obj"><Filter>Assets\Models\Title\Roads</Filter></None>
    <None Include="Assets\Models\Title\Roads\road-sign-street.mtl"><Filter>Assets\Models\Title\Roads</Filter></None>
    <None Include="Assets\Models\Title\Roads\road-sign-empty.obj"><Filter>Assets\Models\Title\Roads</Filter></None>
    <None Include="Assets\Models\Title\Roads\road-sign-empty.mtl"><Filter>Assets\Models\Title\Roads</Filter></None>
    <None Include="Assets\Models\Cube.obj">
      <Filter>Assets\Models</Filter>
    </None>
    <None Include="Assets\Models\Title\Commercial\building-skyscraper-a.obj"><Filter>Assets\Models\Title\Commercial</Filter></None>
    <None Include="Assets\Models\Title\Commercial\building-skyscraper-a.mtl"><Filter>Assets\Models\Title\Commercial</Filter></None>
    <None Include="Assets\Models\Title\Commercial\building-skyscraper-e.obj"><Filter>Assets\Models\Title\Commercial</Filter></None>
    <None Include="Assets\Models\Title\Commercial\building-skyscraper-e.mtl"><Filter>Assets\Models\Title\Commercial</Filter></None>
    <None Include="Assets\Models\Pyramid.obj">
      <Filter>Assets\Models</Filter>
    </None>
    <None Include="Assets\Models\Cube.mtl">
      <Filter>Assets\Models</Filter>
    </None>
    <None Include="Shaders\Common\UvTransform.hlsli">
      <Filter>Shaders\Common</Filter>
    </None>
    <None Include="Assets\Textures\Checker.png">
      <Filter>Assets\Textures</Filter>
    </None>
    <ClCompile Include="src\DevTools\DebugPanel.cpp">
      <Filter>src\DevTools</Filter>
    </ClCompile>
    <ClInclude Include="src\DevTools\DebugPanel.h">
      <Filter>src\DevTools</Filter>
    </ClInclude>
    <ClInclude Include="src\DevTools\LightingPanel.h">
      <Filter>src\DevTools</Filter>
    </ClInclude>
    <ClInclude Include="src\DevTools\UvTransformPanel.h">
      <Filter>src\DevTools</Filter>
    </ClInclude>
    <ClCompile Include="src\DevTools\LightingPanel.cpp">
      <Filter>src\DevTools</Filter>
    </ClCompile>
    <ClCompile Include="src\DevTools\UvTransformPanel.cpp">
      <Filter>src\DevTools</Filter>
    </ClCompile>
    <ClCompile Include="src\DevTools\AudioPanel.cpp">
      <Filter>src\DevTools</Filter>
    </ClCompile>
    <ClInclude Include="src\DevTools\AudioPanel.h">
      <Filter>src\DevTools</Filter>
    </ClInclude>
    <None Include="Assets\Audio\Sample.wav">
      <Filter>Assets\Audio</Filter>
    </None>
    <ClCompile Include="src\DevTools\InputPanel.cpp">
      <Filter>src\DevTools</Filter>
    </ClCompile>
    <ClInclude Include="src\DevTools\InputPanel.h">
      <Filter>src\DevTools</Filter>
    </ClInclude>
    <ClCompile Include="src\DevTools\CameraPanel.cpp">
      <Filter>src\DevTools</Filter>
    </ClCompile>
    <ClInclude Include="src\DevTools\CameraPanel.h">
      <Filter>src\DevTools</Filter>
    </ClInclude>
  </ItemGroup>
  <ItemGroup>
    <None Include="Shaders\Particle.hlsl">
      <Filter>Shaders</Filter>
    </None>
  </ItemGroup>
  <ItemGroup>
    <Filter Include="src\Scenes"><UniqueIdentifier>{E4DB53F6-17CE-435F-9845-90A45587B0AB}</UniqueIdentifier></Filter>
    <ClInclude Include="src\Game.h">
      <Filter>src</Filter>
    </ClInclude>
    <ClCompile Include="src\Game.cpp">
      <Filter>src</Filter>
    </ClCompile>
    <ClInclude Include="src\Scenes\GameScene.h">
      <Filter>src\Scenes</Filter>
    </ClInclude>
    <ClCompile Include="src\Scenes\GameScene.cpp">
      <Filter>src\Scenes</Filter>
    </ClCompile>
    <ClInclude Include="src\Scenes\TitleScene.h">
      <Filter>src\Scenes</Filter>
    </ClInclude>
    <ClCompile Include="src\Scenes\TitleEnvironment.cpp"><Filter>src\Scenes</Filter></ClCompile>
    <ClInclude Include="src\Scenes\TitleEnvironment.h"><Filter>src\Scenes</Filter></ClInclude>
    <ClCompile Include="src\Scenes\TitleMenu.cpp"><Filter>src\Scenes</Filter></ClCompile>
    <ClCompile Include="src\Scenes\TitleAudio.cpp"><Filter>src\Scenes</Filter></ClCompile>
    <ClCompile Include="src\Scenes\GameSettings.cpp"><Filter>src\Scenes</Filter></ClCompile>
    <ClInclude Include="src\Scenes\TitleMenu.h"><Filter>src\Scenes</Filter></ClInclude>
    <ClInclude Include="src\Scenes\TitleAudio.h"><Filter>src\Scenes</Filter></ClInclude>
    <ClInclude Include="src\Scenes\TitleAmbientMotion.h"><Filter>src\Scenes</Filter></ClInclude>
    <ClInclude Include="src\Scenes\GameSettings.h"><Filter>src\Scenes</Filter></ClInclude>
    <ClCompile Include="src\Scenes\TitleUi.cpp"><Filter>src\Scenes</Filter></ClCompile>
    <ClInclude Include="src\Scenes\TitleUi.h"><Filter>src\Scenes</Filter></ClInclude>
    <ClCompile Include="src\Scenes\TitleScene.cpp">
      <Filter>src\Scenes</Filter>
    </ClCompile>
    <ClInclude Include="src\Scenes\SceneFactory.h">
      <Filter>src\Scenes</Filter>
    </ClInclude>
    <ClCompile Include="src\Scenes\SceneFactory.cpp">
      <Filter>src\Scenes</Filter>
    </ClCompile>
  </ItemGroup>
  <ItemGroup>
    <Filter Include="Assets\Textures\Title" />
    <Filter Include="Assets\Fonts" />
    <Filter Include="Assets\Fonts\MPlus1p" />
    <None Include="Assets\Textures\Title\UiAtlas.png"><Filter>Assets\Textures\Title</Filter></None>
    <None Include="Assets\Fonts\MPlus1p\MPLUS1p-Black.ttf"><Filter>Assets\Fonts\MPlus1p</Filter></None>
    <None Include="Assets\Fonts\MPlus1p\OFL.txt"><Filter>Assets\Fonts\MPlus1p</Filter></None>
    <None Include="Assets\Textures\Title.png">
      <Filter>Assets\Textures</Filter>
    </None>
  </ItemGroup>
  <ItemGroup>
    <None Include="Shaders\TitleMote.hlsl"><Filter>Shaders</Filter></None>
  </ItemGroup>
</Project>
